
Microsoft Visual Studio Solution File, Format Version 12.00
# Visual Studio Version 16
VisualStudioVersion = 16.0.31005.135
MinimumVisualStudioVersion = 10.0.40219.1
Project("{8BC9CEB8-8B4A-11D0-8D11-00A0C91BC942}") = "Sheet 1", "Sheet 1\Sheet 1.vcxproj", "{16A3F31C-2F81-41B3-A68A-02FA1BB1123A}"
EndProject
Global
	GlobalSection(SolutionConfigurationPlatforms) = preSolution
		Debug|x64 = Debug|x64
		Debug|x86 = Debug|x86
		Release|x64 = Release|x64
		Release|x86 = Release|x86
	EndGlobalSection
	GlobalSection(ProjectConfigurationPlatforms) = postSolution
		{16A3F31C-2F81-41B3-A68A-02FA1BB1123A}.Debug|x64.ActiveCfg = Debug|x64
		{16A3F31C-2F81-41B3-A68A-02FA1BB1123A}.Debug|x64.Build.0 = Debug|x64
		{16A3F31C-2F81-41B3-A68A-02FA1BB1123A}.Debug|x86.ActiveCfg = Debug|Win32
		{16A3F31C-2F81-41B3-A68A-02FA1BB1123A}.Debug|x86.Build.0 = Debug|Win32
		{16A3F31C-2F81-41B3-A68A-02FA1BB1123A}.Release|x64.ActiveCfg = Release|x64
		{16A3F31C-2F81-41B3-A68A-02FA1BB1123A}.Release|x64.Build.0 = Release|x64
		{16A3F31C-2F81-41B3-A68A-02FA1BB1123A}.Release|x86.ActiveCfg = Release|Win32
		{16A3F31C-2F81-41B3-A68A-02FA1BB1123A}.Release|x86.Build.0 = Release|Win32
	EndGlobalSection
	GlobalSection(SolutionProperties) = preSolution
		HideSolutionNode = FALSE
	EndGlobalSection
	GlobalSection(ExtensibilityGlobals) = postSolution
		SolutionGuid = {E272E031-D7DB-47AF-9508-DF4C684DA6BD}
	EndGlobalSection
EndGlobal
