
Microsoft Visual Studio Solution File, Format Version 12.00
# Visual Studio Version 16
VisualStudioVersion = 16.0.31025.194
MinimumVisualStudioVersion = 10.0.40219.1
Project("{8BC9CEB8-8B4A-11D0-8D11-00A0C91BC942}") = "implementation", "implementation\implementation.vcxproj", "{93F79B8D-E0A4-4D3F-886C-5A2CE57D90D4}"
EndProject
Global
	GlobalSection(SolutionConfigurationPlatforms) = preSolution
		Debug|x64 = Debug|x64
		Debug|x86 = Debug|x86
		Release|x64 = Release|x64
		Release|x86 = Release|x86
	EndGlobalSection
	GlobalSection(ProjectConfigurationPlatforms) = postSolution
		{93F79B8D-E0A4-4D3F-886C-5A2CE57D90D4}.Debug|x64.ActiveCfg = Debug|x64
		{93F79B8D-E0A4-4D3F-886C-5A2CE57D90D4}.Debug|x64.Build.0 = Debug|x64
		{93F79B8D-E0A4-4D3F-886C-5A2CE57D90D4}.Debug|x86.ActiveCfg = Debug|Win32
		{93F79B8D-E0A4-4D3F-886C-5A2CE57D90D4}.Debug|x86.Build.0 = Debug|Win32
		{93F79B8D-E0A4-4D3F-886C-5A2CE57D90D4}.Release|x64.ActiveCfg = Release|x64
		{93F79B8D-E0A4-4D3F-886C-5A2CE57D90D4}.Release|x64.Build.0 = Release|x64
		{93F79B8D-E0A4-4D3F-886C-5A2CE57D90D4}.Release|x86.ActiveCfg = Release|Win32
		{93F79B8D-E0A4-4D3F-886C-5A2CE57D90D4}.Release|x86.Build.0 = Release|Win32
	EndGlobalSection
	GlobalSection(SolutionProperties) = preSolution
		HideSolutionNode = FALSE
	EndGlobalSection
	GlobalSection(ExtensibilityGlobals) = postSolution
		SolutionGuid = {0821047E-D856-444D-BA0B-0C230266B9E4}
	EndGlobalSection
EndGlobal
