
Microsoft Visual Studio Solution File, Format Version 12.00
# Visual Studio Version 16
VisualStudioVersion = 16.0.31005.135
MinimumVisualStudioVersion = 10.0.40219.1
Project("{8BC9CEB8-8B4A-11D0-8D11-00A0C91BC942}") = "Sheet 3", "Sheet 3\Sheet 3.vcxproj", "{D574B782-FC2D-416C-8ABA-8862FC20D190}"
EndProject
Global
	GlobalSection(SolutionConfigurationPlatforms) = preSolution
		Debug|x64 = Debug|x64
		Debug|x86 = Debug|x86
		Release|x64 = Release|x64
		Release|x86 = Release|x86
	EndGlobalSection
	GlobalSection(ProjectConfigurationPlatforms) = postSolution
		{D574B782-FC2D-416C-8ABA-8862FC20D190}.Debug|x64.ActiveCfg = Debug|x64
		{D574B782-FC2D-416C-8ABA-8862FC20D190}.Debug|x64.Build.0 = Debug|x64
		{D574B782-FC2D-416C-8ABA-8862FC20D190}.Debug|x86.ActiveCfg = Debug|Win32
		{D574B782-FC2D-416C-8ABA-8862FC20D190}.Debug|x86.Build.0 = Debug|Win32
		{D574B782-FC2D-416C-8ABA-8862FC20D190}.Release|x64.ActiveCfg = Release|x64
		{D574B782-FC2D-416C-8ABA-8862FC20D190}.Release|x64.Build.0 = Release|x64
		{D574B782-FC2D-416C-8ABA-8862FC20D190}.Release|x86.ActiveCfg = Release|Win32
		{D574B782-FC2D-416C-8ABA-8862FC20D190}.Release|x86.Build.0 = Release|Win32
	EndGlobalSection
	GlobalSection(SolutionProperties) = preSolution
		HideSolutionNode = FALSE
	EndGlobalSection
	GlobalSection(ExtensibilityGlobals) = postSolution
		SolutionGuid = {BAF84308-9D6F-4E07-A33E-EDFE45FF694B}
	EndGlobalSection
EndGlobal
